Microsoft Visual Studio Solution File, Format Version 12.00
# Visual Studio Version 17
VisualStudioVersion = 17.5.2.0
MinimumVisualStudioVersion = 10.0.40219.1
Project("{FAE04EC0-301F-11D3-BF4B-00C04F79EFBC}") = "IDPSample", "IDPSample\IDPSample.csproj", "{E11061A7-E349-FE2C-0B7C-A88000F1D377}"
EndProject
Global
	GlobalSection(SolutionConfigurationPlatforms) = preSolution
		Debug|Any CPU = Debug|Any CPU
		Release|Any CPU = Release|Any CPU
	EndGlobalSection
	GlobalSection(ProjectConfigurationPlatforms) = postSolution
		{E11061A7-E349-FE2C-0B7C-A88000F1D377}.Debug|Any CPU.ActiveCfg = Debug|Any CPU
		{E11061A7-E349-FE2C-0B7C-A88000F1D377}.Debug|Any CPU.Build.0 = Debug|Any CPU
		{E11061A7-E349-FE2C-0B7C-A88000F1D377}.Release|Any CPU.ActiveCfg = Release|Any CPU
		{E11061A7-E349-FE2C-0B7C-A88000F1D377}.Release|Any CPU.Build.0 = Release|Any CPU
	EndGlobalSection
	GlobalSection(SolutionProperties) = preSolution
		HideSolutionNode = FALSE
	EndGlobalSection
	GlobalSection(ExtensibilityGlobals) = postSolution
		SolutionGuid = {F0CC2B0C-CE94-4C31-889E-6DAF1338C8A3}
	EndGlobalSection
EndGlobal
